
Microsoft Visual Studio Solution File, Format Version 12.00
# Visual Studio 15
VisualStudioVersion = 15.0.27428.1
MinimumVisualStudioVersion = 10.0.40219.1
Project("{FAE04EC0-301F-11D3-BF4B-00C04F79EFBC}") = "Proyecto_IA1", "Proyecto_IA1\Proyecto_IA1.csproj", "{3ED8E9F7-F56E-4478-9383-5D802B079282}"
	ProjectSection(ProjectDependencies) = postProject
		{653B43A4-4CB8-4391-910E-1B6CA01AD80B} = {653B43A4-4CB8-4391-910E-1B6CA01AD80B}
	EndProjectSection
EndProject
Project("{FAE04EC0-301F-11D3-BF4B-00C04F79EFBC}") = "InterfazMapa", "WindowsFormsApp1\InterfazMapa.csproj", "{653B43A4-4CB8-4391-910E-1B6CA01AD80B}"
EndProject
Global
	GlobalSection(SolutionConfigurationPlatforms) = preSolution
		Debug|Any CPU = Debug|Any CPU
		Release|Any CPU = Release|Any CPU
	EndGlobalSection
	GlobalSection(ProjectConfigurationPlatforms) = postSolution
		{3ED8E9F7-F56E-4478-9383-5D802B079282}.Debug|Any CPU.ActiveCfg = Debug|Any CPU
		{3ED8E9F7-F56E-4478-9383-5D802B079282}.Debug|Any CPU.Build.0 = Debug|Any CPU
		{3ED8E9F7-F56E-4478-9383-5D802B079282}.Release|Any CPU.ActiveCfg = Release|Any CPU
		{3ED8E9F7-F56E-4478-9383-5D802B079282}.Release|Any CPU.Build.0 = Release|Any CPU
		{653B43A4-4CB8-4391-910E-1B6CA01AD80B}.Debug|Any CPU.ActiveCfg = Debug|Any CPU
		{653B43A4-4CB8-4391-910E-1B6CA01AD80B}.Debug|Any CPU.Build.0 = Debug|Any CPU
		{653B43A4-4CB8-4391-910E-1B6CA01AD80B}.Release|Any CPU.ActiveCfg = Release|Any CPU
		{653B43A4-4CB8-4391-910E-1B6CA01AD80B}.Release|Any CPU.Build.0 = Release|Any CPU
	EndGlobalSection
	GlobalSection(SolutionProperties) = preSolution
		HideSolutionNode = FALSE
	EndGlobalSection
	GlobalSection(ExtensibilityGlobals) = postSolution
		SolutionGuid = {BA2AC5C9-8D4C-42A2-A4F7-16F023B64157}
	EndGlobalSection
EndGlobal
